
Microsoft Visual Studio Solution File, Format Version 12.00
# Visual Studio Version 16
VisualStudioVersion = 16.0.29911.84
MinimumVisualStudioVersion = 10.0.40219.1
Project("{FAE04EC0-301F-11D3-BF4B-00C04F79EFBC}") = "ClientSideDiscordBot", "ClientSideDiscordBot.csproj", "{5D87DA5B-1063-4FDE-9FC5-22288E36B417}"
EndProject
Project("{FAE04EC0-301F-11D3-BF4B-00C04F79EFBC}") = "plsbeg", "..\plsbeg\plsbeg.csproj", "{D2CEC98A-3CC3-473F-A4C6-42F49E99D4D8}"
EndProject
Global
	GlobalSection(SolutionConfigurationPlatforms) = preSolution
		Debug|Any CPU = Debug|Any CPU
		Release|Any CPU = Release|Any CPU
	EndGlobalSection
	GlobalSection(ProjectConfigurationPlatforms) = postSolution
		{5D87DA5B-1063-4FDE-9FC5-22288E36B417}.Debug|Any CPU.ActiveCfg = Debug|Any CPU
		{5D87DA5B-1063-4FDE-9FC5-22288E36B417}.Debug|Any CPU.Build.0 = Debug|Any CPU
		{5D87DA5B-1063-4FDE-9FC5-22288E36B417}.Release|Any CPU.ActiveCfg = Release|Any CPU
		{5D87DA5B-1063-4FDE-9FC5-22288E36B417}.Release|Any CPU.Build.0 = Release|Any CPU
		{D2CEC98A-3CC3-473F-A4C6-42F49E99D4D8}.Debug|Any CPU.ActiveCfg = Debug|Any CPU
		{D2CEC98A-3CC3-473F-A4C6-42F49E99D4D8}.Debug|Any CPU.Build.0 = Debug|Any CPU
		{D2CEC98A-3CC3-473F-A4C6-42F49E99D4D8}.Release|Any CPU.ActiveCfg = Release|Any CPU
		{D2CEC98A-3CC3-473F-A4C6-42F49E99D4D8}.Release|Any CPU.Build.0 = Release|Any CPU
	EndGlobalSection
	GlobalSection(SolutionProperties) = preSolution
		HideSolutionNode = FALSE
	EndGlobalSection
	GlobalSection(ExtensibilityGlobals) = postSolution
		SolutionGuid = {FAE64514-73FC-4D8C-9586-8A5C24D40438}
	EndGlobalSection
EndGlobal
